<?xml version="1.0" encoding="utf-8"?>
<Project ToolsVersion="4.0" xmlns="http://schemas.microsoft.com/developer/msbuild/2003">
  <ItemGroup>
    <Filter Include="src">
      <UniqueIdentifier>{c306f619-fc98-422c-8e31-ccc49b08d93d}</UniqueIdentifier>
      <Extensions>cpp;c;cxx;rc;def;r;odl;idl;hpj;bat</Extensions>
    </Filter>
    <Filter Include="src\ta_common">
      <UniqueIdentifier>{a6b4beda-54e1-4632-aa8a-901e9ea62b1d}</UniqueIdentifier>
    </Filter>
    <Filter Include="include">
      <UniqueIdentifier>{7b502b2e-c637-4f83-ad32-3cbf88966d55}</UniqueIdentifier>
      <Extensions>h;hpp;hxx;hm;inl</Extensions>
    </Filter>
  </ItemGroup>
  <ItemGroup>
    <ClCompile Include="..\..\..\..\src\ta_common\ta_global.c">
      <Filter>src\ta_common</Filter>
    </ClCompile>
    <ClCompile Include="..\..\..\..\src\ta_common\ta_retcode.c">
      <Filter>src\ta_common</Filter>
    </ClCompile>
    <ClCompile Include="..\..\..\..\src\ta_common\ta_version.c">
      <Filter>src\ta_common</Filter>
    </ClCompile>
  </ItemGroup>
  <ItemGroup>
    <ClInclude Include="..\..\..\..\src\ta_common\ta_global.h">
      <Filter>src\ta_common</Filter>
    </ClInclude>
    <ClInclude Include="..\..\..\..\src\ta_common\ta_magic_nb.h">
      <Filter>src\ta_common</Filter>
    </ClInclude>
    <ClInclude Include="..\..\..\..\src\ta_common\ta_pragma.h">
      <Filter>src\ta_common</Filter>
    </ClInclude>
    <ClInclude Include="..\..\..\..\include\ta_common.h">
      <Filter>include</Filter>
    </ClInclude>
    <ClInclude Include="..\..\..\..\include\ta_defs.h">
      <Filter>include</Filter>
    </ClInclude>
    <ClInclude Include="..\..\..\..\include\ta_func.h">
      <Filter>include</Filter>
    </ClInclude>
  </ItemGroup>
</Project>